{
  "version": 4,
  "terraform_version": "0.12.6",
  "serial": 15,
  "lineage": "f02eee22-5ceb-ba80-b00d-f7378dbea732",
  "outputs": {},
  "resources": [
    {
      "mode": "data",
      "type": "aws_ami",
      "name": "ami",
      "provider": "provider.aws",
      "instances": [
        {
          "schema_version": 0,
          "attributes": {
            "architecture": "x86_64",
            "block_device_mappings": [
              {
                "device_name": "/dev/sda1",
                "ebs": {
                  "delete_on_termination": "true",
                  "encrypted": "false",
                  "iops": "0",
                  "snapshot_id": "snap-0b9d8bc8352431abf",
                  "volume_size": "8",
                  "volume_type": "gp2"
                },
                "no_device": "",
                "virtual_name": ""
              },
              {
                "device_name": "/dev/sdb",
                "ebs": {},
                "no_device": "",
                "virtual_name": "ephemeral0"
              },
              {
                "device_name": "/dev/sdc",
                "ebs": {},
                "no_device": "",
                "virtual_name": "ephemeral1"
              }
            ],
            "creation_date": "2019-10-23T12:48:04.000Z",
            "description": "distribution_release=bionic kubernetes_cni_version=0.7.5-00 kubernetes_version=1.16.2-00 build_version=1 distribution_version=18.04 distribution=Ubuntu build_date=2019-10-23T12:35:40Z source_ami=ami-0d5ae5525eb033d0a",
            "executable_users": null,
            "filter": [
              {
                "name": "name",
                "values": [
                  "*ami-ubuntu-18*"
                ]
              }
            ],
            "hypervisor": "xen",
            "id": "ami-007e9fbe81cfbf4fa",
            "image_id": "ami-007e9fbe81cfbf4fa",
            "image_location": "290148839206/ami-ubuntu-18.04-1.16.2-00-1571834140",
            "image_owner_alias": null,
            "image_type": "machine",
            "kernel_id": null,
            "most_recent": true,
            "name": "ami-ubuntu-18.04-1.16.2-00-1571834140",
            "name_regex": null,
            "owner_id": "290148839206",
            "owners": [
              "290148839206"
            ],
            "platform": null,
            "product_codes": [],
            "public": true,
            "ramdisk_id": null,
            "root_device_name": "/dev/sda1",
            "root_device_type": "ebs",
            "root_snapshot_id": "snap-0b9d8bc8352431abf",
            "sriov_net_support": "simple",
            "state": "available",
            "state_reason": {
              "code": "UNSET",
              "message": "UNSET"
            },
            "tags": {},
            "virtualization_type": "hvm"
          }
        }
      ]
    },
    {
      "mode": "data",
      "type": "aws_iam_policy_document",
      "name": "travisdeploy_policy",
      "provider": "provider.aws",
      "instances": [
        {
          "schema_version": 0,
          "attributes": {
            "id": "1367441520",
            "json": "{\n  \"Version\": \"2012-10-17\",\n  \"Statement\": [\n    {\n      \"Sid\": \"\",\n      \"Effect\": \"Allow\",\n      \"Action\": \"sts:AssumeRole\",\n      \"Principal\": {\n        \"Service\": [\n          \"ec2.amazonaws.com\",\n          \"codedeploy.amazonaws.com\"\n        ]\n      }\n    }\n  ]\n}",
            "override_json": null,
            "policy_id": null,
            "source_json": null,
            "statement": [
              {
                "actions": [
                  "sts:AssumeRole"
                ],
                "condition": [],
                "effect": "Allow",
                "not_actions": [],
                "not_principals": [],
                "not_resources": [],
                "principals": [
                  {
                    "identifiers": [
                      "codedeploy.amazonaws.com",
                      "ec2.amazonaws.com"
                    ],
                    "type": "Service"
                  }
                ],
                "resources": [],
                "sid": ""
              }
            ],
            "version": "2012-10-17"
          }
        }
      ]
    },
    {
      "mode": "data",
      "type": "template_file",
      "name": "travisdeploy_policy",
      "provider": "provider.template",
      "instances": [
        {
          "schema_version": 0,
          "attributes": {
            "filename": null,
            "id": "4e6b458f8086a8cb670ec11a8e87421f083e1ab601b0894454611e72dff30234",
            "rendered": "{\n  \"Version\": \"2012-10-17\",\n  \"Statement\": [\n    {\n      \"Action\": [\n        \"s3:PutObject\",\n        \"s3:Get*\",\n        \"s3:List*\",\n        \"codedeploy:RegisterApplicationRevision\",\n        \"codedeploy:GetApplicationRevision\",\n        \"codedeploy:CreateDeployment\",\n        \"codedeploy:GetDeployment\",\n        \"codedeploy:GetDeploymentConfig\"\n      ],\n      \"Effect\": \"Allow\",\n      \"Resource\": \"*\"\n    }\n  ]\n}\n",
            "template": "{\n  \"Version\": \"2012-10-17\",\n  \"Statement\": [\n    {\n      \"Action\": [\n        \"s3:PutObject\",\n        \"s3:Get*\",\n        \"s3:List*\",\n        \"codedeploy:RegisterApplicationRevision\",\n        \"codedeploy:GetApplicationRevision\",\n        \"codedeploy:CreateDeployment\",\n        \"codedeploy:GetDeployment\",\n        \"codedeploy:GetDeploymentConfig\"\n      ],\n      \"Effect\": \"Allow\",\n      \"Resource\": \"*\"\n    }\n  ]\n}\n",
            "vars": null
          }
        }
      ]
    },
    {
      "mode": "data",
      "type": "template_file",
      "name": "userdata",
      "provider": "provider.template",
      "instances": [
        {
          "schema_version": 0,
          "attributes": {
            "filename": null,
            "id": "8320fcd067bbafb08253b07812ad6fcb905949521d470ab3e69442280868d3e3",
            "rendered": "#!/bin/bash\nsudo su\napt-get -y update\napt-get -y upgrade\nadd-apt-repository \"deb http://archive.ubuntu.com/ubuntu $(lsb_release -sc) universe\"\napt-get -y update\napt-get -y install gdebi\napt-get -y install python-pip\napt-get -y install ruby\napt-get -y install wget\ncd /home/ubuntu\nwget https://aws-codedeploy-us-east-2.s3.us-east-2.amazonaws.com/latest/install\nchmod +x ./install\n./install auto\nservice codedeploy-agent start\n",
            "template": "#!/bin/bash\nsudo su\napt-get -y update\napt-get -y upgrade\nadd-apt-repository \"deb http://archive.ubuntu.com/ubuntu $(lsb_release -sc) universe\"\napt-get -y update\napt-get -y install gdebi\napt-get -y install python-pip\napt-get -y install ruby\napt-get -y install wget\ncd /home/ubuntu\nwget https://aws-codedeploy-us-east-2.s3.us-east-2.amazonaws.com/latest/install\nchmod +x ./install\n./install auto\nservice codedeploy-agent start\n",
            "vars": null
          }
        }
      ]
    },
    {
      "mode": "managed",
      "type": "aws_codedeploy_app",
      "name": "travisdeploy",
      "provider": "provider.aws",
      "instances": [
        {
          "schema_version": 0,
          "attributes": {
            "compute_platform": "Server",
            "id": "b27e263b-f8d3-4f09-9399-f32a379d9af3:travisdeploy-app",
            "name": "travisdeploy-app",
            "unique_id": null
          },
          "private": "bnVsbA=="
        }
      ]
    },
    {
      "mode": "managed",
      "type": "aws_codedeploy_deployment_config",
      "name": "travisdeploy",
      "provider": "provider.aws",
      "instances": [
        {
          "schema_version": 0,
          "attributes": {
            "compute_platform": "Server",
            "deployment_config_id": "9fd70b77-2100-4f70-b29b-f91d3e9781a2",
            "deployment_config_name": "travisdeploy-deployment-config",
            "id": "travisdeploy-deployment-config",
            "minimum_healthy_hosts": [
              {
                "type": "HOST_COUNT",
                "value": 1
              }
            ],
            "traffic_routing_config": []
          }
        }
      ]
    },
    {
      "mode": "managed",
      "type": "aws_codedeploy_deployment_group",
      "name": "example",
      "provider": "provider.aws",
      "instances": [
        {
          "schema_version": 0,
          "attributes": {
            "alarm_configuration": [],
            "app_name": "travisdeploy-app",
            "auto_rollback_configuration": [
              {
                "enabled": true,
                "events": [
                  "DEPLOYMENT_FAILURE"
                ]
              }
            ],
            "autoscaling_groups": [],
            "blue_green_deployment_config": [],
            "deployment_config_name": "CodeDeployDefault.OneAtATime",
            "deployment_group_name": "travisdeploy-group",
            "deployment_style": [
              {
                "deployment_option": "WITHOUT_TRAFFIC_CONTROL",
                "deployment_type": "IN_PLACE"
              }
            ],
            "ec2_tag_filter": [],
            "ec2_tag_set": [
              {
                "ec2_tag_filter": [
                  {
                    "key": "Name",
                    "type": "KEY_AND_VALUE",
                    "value": "travisdeploy-instance"
                  }
                ]
              }
            ],
            "ecs_service": [],
            "id": "206a3a8d-692d-4a4e-9db8-e7974898370c",
            "load_balancer_info": [],
            "on_premises_instance_tag_filter": [],
            "service_role_arn": "arn:aws:iam::362546943964:role/travisdeploy_role",
            "trigger_configuration": []
          },
          "private": "bnVsbA==",
          "depends_on": [
            "aws_codedeploy_app.travisdeploy",
            "aws_iam_role.travisdeploy_role"
          ]
        }
      ]
    },
    {
      "mode": "managed",
      "type": "aws_iam_instance_profile",
      "name": "travisdeploy_instance_profile",
      "provider": "provider.aws",
      "instances": [
        {
          "schema_version": 0,
          "attributes": {
            "arn": "arn:aws:iam::362546943964:instance-profile/travisdeploy_instance_profile",
            "create_date": "2019-11-05T10:16:00Z",
            "id": "travisdeploy_instance_profile",
            "name": "travisdeploy_instance_profile",
            "name_prefix": null,
            "path": "/",
            "role": "travisdeploy_role",
            "roles": [
              "travisdeploy_role"
            ],
            "unique_id": "AIPAVI2L3K7OP2U3PTJ7T"
          },
          "private": "bnVsbA==",
          "depends_on": [
            "aws_iam_role.travisdeploy_role"
          ]
        }
      ]
    },
    {
      "mode": "managed",
      "type": "aws_iam_role",
      "name": "travisdeploy_role",
      "provider": "provider.aws",
      "instances": [
        {
          "schema_version": 0,
          "attributes": {
            "arn": "arn:aws:iam::362546943964:role/travisdeploy_role",
            "assume_role_policy": "{\"Version\":\"2012-10-17\",\"Statement\":[{\"Sid\":\"\",\"Effect\":\"Allow\",\"Principal\":{\"Service\":[\"ec2.amazonaws.com\",\"codedeploy.amazonaws.com\"]},\"Action\":\"sts:AssumeRole\"}]}",
            "create_date": "2019-11-05T10:15:58Z",
            "description": "",
            "force_detach_policies": false,
            "id": "travisdeploy_role",
            "max_session_duration": 3600,
            "name": "travisdeploy_role",
            "name_prefix": null,
            "path": "/",
            "permissions_boundary": null,
            "tags": {
              "tag-key": "travisdeploy-role"
            },
            "unique_id": "AROAVI2L3K7OJXS4ZCIWQ"
          },
          "private": "bnVsbA==",
          "depends_on": [
            "data.aws_iam_policy_document.travisdeploy_policy"
          ]
        }
      ]
    },
    {
      "mode": "managed",
      "type": "aws_iam_role_policy",
      "name": "s3_policy",
      "provider": "provider.aws",
      "instances": [
        {
          "schema_version": 0,
          "attributes": {
            "id": "travisdeploy_role:travisdeploy_policy",
            "name": "travisdeploy_policy",
            "name_prefix": null,
            "policy": "{\n  \"Version\": \"2012-10-17\",\n  \"Statement\": [\n    {\n      \"Action\": [\n        \"s3:PutObject\",\n        \"s3:Get*\",\n        \"s3:List*\",\n        \"codedeploy:RegisterApplicationRevision\",\n        \"codedeploy:GetApplicationRevision\",\n        \"codedeploy:CreateDeployment\",\n        \"codedeploy:GetDeployment\",\n        \"codedeploy:GetDeploymentConfig\"\n      ],\n      \"Effect\": \"Allow\",\n      \"Resource\": \"*\"\n    }\n  ]\n}\n",
            "role": "travisdeploy_role"
          },
          "private": "bnVsbA==",
          "depends_on": [
            "aws_iam_role.travisdeploy_role",
            "data.template_file.travisdeploy_policy"
          ]
        }
      ]
    },
    {
      "mode": "managed",
      "type": "aws_instance",
      "name": "travisdeploy_instance",
      "provider": "provider.aws",
      "instances": [
        {
          "schema_version": 1,
          "attributes": {
            "ami": "ami-007e9fbe81cfbf4fa",
            "arn": "arn:aws:ec2:us-east-2:362546943964:instance/i-0096a8f6fac1c9d2f",
            "associate_public_ip_address": true,
            "availability_zone": "us-east-2b",
            "cpu_core_count": 1,
            "cpu_threads_per_core": 1,
            "credit_specification": [
              {
                "cpu_credits": "standard"
              }
            ],
            "disable_api_termination": false,
            "ebs_block_device": [],
            "ebs_optimized": false,
            "ephemeral_block_device": [],
            "get_password_data": false,
            "host_id": null,
            "iam_instance_profile": "travisdeploy_instance_profile",
            "id": "i-0096a8f6fac1c9d2f",
            "instance_initiated_shutdown_behavior": null,
            "instance_state": "running",
            "instance_type": "t2.micro",
            "ipv6_address_count": 0,
            "ipv6_addresses": [],
            "key_name": "s.litsevychkeys",
            "monitoring": false,
            "network_interface": [],
            "network_interface_id": null,
            "password_data": "",
            "placement_group": "",
            "primary_network_interface_id": "eni-0fe79c9e00134be65",
            "private_dns": "ip-172-31-25-83.us-east-2.compute.internal",
            "private_ip": "172.31.25.83",
            "public_dns": "ec2-18-216-86-176.us-east-2.compute.amazonaws.com",
            "public_ip": "18.216.86.176",
            "root_block_device": [
              {
                "delete_on_termination": true,
                "encrypted": false,
                "iops": 100,
                "kms_key_id": "",
                "volume_id": "vol-077b9a533c93b0be9",
                "volume_size": 8,
                "volume_type": "gp2"
              }
            ],
            "security_groups": [
              "EC2_SG"
            ],
            "source_dest_check": true,
            "subnet_id": "subnet-60ac691b",
            "tags": {
              "Name": "travisdeploy-instance"
            },
            "tenancy": "default",
            "timeouts": null,
            "user_data": "4b23f9e1d6daeb518a57d041cc7241f328e17ff6",
            "user_data_base64": null,
            "volume_tags": {},
            "vpc_security_group_ids": [
              "sg-0a2cc1ec7349ccd78"
            ]
          },
          "private": "eyJlMmJmYjczMC1lY2FhLTExZTYtOGY4OC0zNDM2M2JjN2M0YzAiOnsiY3JlYXRlIjo2MDAwMDAwMDAwMDAsImRlbGV0ZSI6MTIwMDAwMDAwMDAwMCwidXBkYXRlIjo2MDAwMDAwMDAwMDB9LCJzY2hlbWFfdmVyc2lvbiI6IjEifQ==",
          "depends_on": [
            "aws_iam_instance_profile.travisdeploy_instance_profile",
            "aws_security_group.EC2_sg",
            "data.aws_ami.ami",
            "data.template_file.userdata"
          ]
        }
      ]
    },
    {
      "mode": "managed",
      "type": "aws_s3_bucket",
      "name": "s3_bucket",
      "provider": "provider.aws",
      "instances": [
        {
          "schema_version": 0,
          "attributes": {
            "acceleration_status": "",
            "acl": "private",
            "arn": "arn:aws:s3:::travisdeploy-s3",
            "bucket": "travisdeploy-s3",
            "bucket_domain_name": "travisdeploy-s3.s3.amazonaws.com",
            "bucket_prefix": null,
            "bucket_regional_domain_name": "travisdeploy-s3.s3.us-east-2.amazonaws.com",
            "cors_rule": [],
            "force_destroy": true,
            "hosted_zone_id": "Z2O1EMRO9K5GLX",
            "id": "travisdeploy-s3",
            "lifecycle_rule": [],
            "logging": [],
            "object_lock_configuration": [],
            "policy": null,
            "region": "us-east-2",
            "replication_configuration": [],
            "request_payer": "BucketOwner",
            "server_side_encryption_configuration": [],
            "tags": {},
            "versioning": [
              {
                "enabled": true,
                "mfa_delete": false
              }
            ],
            "website": [],
            "website_domain": null,
            "website_endpoint": null
          },
          "private": "bnVsbA=="
        }
      ]
    },
    {
      "mode": "managed",
      "type": "aws_security_group",
      "name": "EC2_sg",
      "provider": "provider.aws",
      "instances": [
        {
          "schema_version": 1,
          "attributes": {
            "arn": "arn:aws:ec2:us-east-2:362546943964:security-group/sg-0a2cc1ec7349ccd78",
            "description": "Managed by Terraform",
            "egress": [
              {
                "cidr_blocks": [
                  "0.0.0.0/0"
                ],
                "description": "",
                "from_port": 0,
                "ipv6_cidr_blocks": [],
                "prefix_list_ids": [],
                "protocol": "-1",
                "security_groups": [],
                "self": false,
                "to_port": 0
              }
            ],
            "id": "sg-0a2cc1ec7349ccd78",
            "ingress": [
              {
                "cidr_blocks": [
                  "0.0.0.0/0"
                ],
                "description": "",
                "from_port": 80,
                "ipv6_cidr_blocks": [],
                "prefix_list_ids": [],
                "protocol": "tcp",
                "security_groups": [],
                "self": false,
                "to_port": 80
              },
              {
                "cidr_blocks": [
                  "159.224.7.123/32"
                ],
                "description": "",
                "from_port": 22,
                "ipv6_cidr_blocks": [],
                "prefix_list_ids": [],
                "protocol": "tcp",
                "security_groups": [],
                "self": false,
                "to_port": 22
              }
            ],
            "name": "EC2_SG",
            "name_prefix": null,
            "owner_id": "362546943964",
            "revoke_rules_on_delete": false,
            "tags": {
              "Name": "SG-EC2"
            },
            "timeouts": null,
            "vpc_id": "vpc-39f15050"
          },
          "private": "eyJlMmJmYjczMC1lY2FhLTExZTYtOGY4OC0zNDM2M2JjN2M0YzAiOnsiY3JlYXRlIjo2MDAwMDAwMDAwMDAsImRlbGV0ZSI6NjAwMDAwMDAwMDAwfSwic2NoZW1hX3ZlcnNpb24iOiIxIn0="
        }
      ]
    }
  ]
}
